# THIS IS AN AUTOGENERATED FILE. DO NOT EDIT THIS FILE DIRECTLY.
# yarn lockfile v1


react-native-shadow@^1.2.2:
  version "1.2.2"
  resolved "https://registry.yarnpkg.com/react-native-shadow/-/react-native-shadow-1.2.2.tgz#08991cd14b71e32f2fc6363911c139d231949a66"
  integrity sha512-kwTmqRKmPEML9KbJi0uvvKd+67rOJQcr3IyNp9bg+qi/H+Wnwev/Mr8sUiUZlYEJ433ii2iNwpjc1ERMjHtMWw==
